
Microsoft Visual Studio Solution File, Format Version 12.00
# Visual Studio Version 16
VisualStudioVersion = 16.0.30517.126
MinimumVisualStudioVersion = 10.0.40219.1
Project("{FAE04EC0-301F-11D3-BF4B-00C04F79EFBC}") = "BARAKVPNSERVER", "BARAKVPNSERVER\BARAKVPNSERVER.csproj", "{08DB36C0-103B-4C54-8DF9-037C5360437B}"
EndProject
Global
	GlobalSection(SolutionConfigurationPlatforms) = preSolution
		Debug|Any CPU = Debug|Any CPU
		Release|Any CPU = Release|Any CPU
	EndGlobalSection
	GlobalSection(ProjectConfigurationPlatforms) = postSolution
		{08DB36C0-103B-4C54-8DF9-037C5360437B}.Debug|Any CPU.ActiveCfg = Debug|Any CPU
		{08DB36C0-103B-4C54-8DF9-037C5360437B}.Debug|Any CPU.Build.0 = Debug|Any CPU
		{08DB36C0-103B-4C54-8DF9-037C5360437B}.Release|Any CPU.ActiveCfg = Release|Any CPU
		{08DB36C0-103B-4C54-8DF9-037C5360437B}.Release|Any CPU.Build.0 = Release|Any CPU
	EndGlobalSection
	GlobalSection(SolutionProperties) = preSolution
		HideSolutionNode = FALSE
	EndGlobalSection
	GlobalSection(ExtensibilityGlobals) = postSolution
		SolutionGuid = {14C39BEC-3C30-43FA-83F7-9F609FB6960E}
	EndGlobalSection
EndGlobal
